Microsoft Visual Studio Solution File, Format Version 12.00
# Visual Studio Version 17
VisualStudioVersion = 17.5.2.0
MinimumVisualStudioVersion = 10.0.40219.1
Project("{FAE04EC0-301F-11D3-BF4B-00C04F79EFBC}") = "MyAgentTest", "MyAgentTest.csproj", "{EDD4D789-E263-480A-2D58-3A0E4A6F4CE5}"
EndProject
Global
	GlobalSection(SolutionConfigurationPlatforms) = preSolution
		Debug|Any CPU = Debug|Any CPU
		Release|Any CPU = Release|Any CPU
	EndGlobalSection
	GlobalSection(ProjectConfigurationPlatforms) = postSolution
		{EDD4D789-E263-480A-2D58-3A0E4A6F4CE5}.Debug|Any CPU.ActiveCfg = Debug|Any CPU
		{EDD4D789-E263-480A-2D58-3A0E4A6F4CE5}.Debug|Any CPU.Build.0 = Debug|Any CPU
		{EDD4D789-E263-480A-2D58-3A0E4A6F4CE5}.Release|Any CPU.ActiveCfg = Release|Any CPU
		{EDD4D789-E263-480A-2D58-3A0E4A6F4CE5}.Release|Any CPU.Build.0 = Release|Any CPU
	EndGlobalSection
	GlobalSection(SolutionProperties) = preSolution
		HideSolutionNode = FALSE
	EndGlobalSection
	GlobalSection(ExtensibilityGlobals) = postSolution
		SolutionGuid = {B36539E9-330C-4B2B-BFD6-808FB4C1AB62}
	EndGlobalSection
EndGlobal
